// !$*UTF8*$!
{
	archiveVersion = 1;
	classes = {
	};
	objectVersion = 46;
	objects = {

/* Begin PBXBuildFile section */
		DC47E23B190019510027280B /* Foundation.framework in Frameworks */ = {isa = PBXBuildFile; fileRef = DC47E23A190019510027280B /* Foundation.framework */; };
		DC47E23D190019510027280B /* CoreGraphics.framework in Frameworks */ = {isa = PBXBuildFile; fileRef = DC47E23C190019510027280B /* CoreGraphics.framework */; };
		DC47E23F190019510027280B /* UIKit.framework in Frameworks */ = {isa = PBXBuildFile; fileRef = DC47E23E190019510027280B /* UIKit.framework */; };
		DC47E245190019510027280B /* InfoPlist.strings in Resources */ = {isa = PBXBuildFile; fileRef = DC47E243190019510027280B /* InfoPlist.strings */; };
		DC47E247190019510027280B /* main.m in Sources */ = {isa = PBXBuildFile; fileRef = DC47E246190019510027280B /* main.m */; };
		DC47E24B190019510027280B /* BBAAppDelegate.m in Sources */ = {isa = PBXBuildFile; fileRef = DC47E24A190019510027280B /* BBAAppDelegate.m */; };
		DC47E24D190019510027280B /* Images.xcassets in Resources */ = {isa = PBXBuildFile; fileRef = DC47E24C190019510027280B /* Images.xcassets */; };
		DC47E254190019520027280B /* XCTest.framework in Frameworks */ = {isa = PBXBuildFile; fileRef = DC47E253190019520027280B /* XCTest.framework */; };
		DC47E255190019520027280B /* Foundation.framework in Frameworks */ = {isa = PBXBuildFile; fileRef = DC47E23A190019510027280B /* Foundation.framework */; };
		DC47E256190019520027280B /* UIKit.framework in Frameworks */ = {isa = PBXBuildFile; fileRef = DC47E23E190019510027280B /* UIKit.framework */; };
		DC47E25E190019520027280B /* InfoPlist.strings in Resources */ = {isa = PBXBuildFile; fileRef = DC47E25C190019520027280B /* InfoPlist.strings */; };
		DC47E260190019520027280B /* BrickBreakerTests.m in Sources */ = {isa = PBXBuildFile; fileRef = DC47E25F190019520027280B /* BrickBreakerTests.m */; };
		DC47E26B19001BC40027280B /* BBAViewController.m in Sources */ = {isa = PBXBuildFile; fileRef = DC47E26A19001BC40027280B /* BBAViewController.m */; };
		DC47E26E19001D4A0027280B /* BBALevelController.m in Sources */ = {isa = PBXBuildFile; fileRef = DC47E26D19001D4A0027280B /* BBALevelController.m */; };
/* End PBXBuildFile section */

/* Begin PBXContainerItemProxy section */
		DC47E257190019520027280B /* PBXContainerItemProxy */ = {
			isa = PBXContainerItemProxy;
			containerPortal = DC47E22F190019510027280B /* Project object */;
			proxyType = 1;
			remoteGlobalIDString = DC47E236190019510027280B;
			remoteInfo = BrickBreaker;
		};
/* End PBXContainerItemProxy section */

/* Begin PBXFileReference section */
		DC47E237190019510027280B /* BrickBreaker.app */ = {isa = PBXFileReference; explicitFileType = wrapper.application; includeInIndex = 0; path = BrickBreaker.app; sourceTree = BUILT_PRODUCTS_DIR; };
		DC47E23A190019510027280B /* Foundation.framework */ = {isa = PBXFileReference; lastKnownFileType = wrapper.framework; name = Foundation.framework; path = System/Library/Frameworks/Foundation.framework; sourceTree = SDKROOT; };
		DC47E23C190019510027280B /* CoreGraphics.framework */ = {isa = PBXFileReference; lastKnownFileType = wrapper.framework; name = CoreGraphics.framework; path = System/Library/Frameworks/CoreGraphics.framework; sourceTree = SDKROOT; };
		DC47E23E190019510027280B /* UIKit.framework */ = {isa = PBXFileReference; lastKnownFileType = wrapper.framework; name = UIKit.framework; path = System/Library/Frameworks/UIKit.framework; sourceTree = SDKROOT; };
		DC47E242190019510027280B /* BrickBreaker-Info.plist */ = {isa = PBXFileReference; lastKnownFileType = text.plist.xml; path = "BrickBreaker-Info.plist"; sourceTree = "<group>"; };
		DC47E244190019510027280B /* en */ = {isa = PBXFileReference; lastKnownFileType = text.plist.strings; name = en; path = en.lproj/InfoPlist.strings; sourceTree = "<group>"; };
		DC47E246190019510027280B /* main.m */ = {isa = PBXFileReference; lastKnownFileType = sourcecode.c.objc; path = main.m; sourceTree = "<group>"; };
		DC47E248190019510027280B /* BrickBreaker-Prefix.pch */ = {isa = PBXFileReference; lastKnownFileType = sourcecode.c.h; path = "BrickBreaker-Prefix.pch"; sourceTree = "<group>"; };
		DC47E249190019510027280B /* BBAAppDelegate.h */ = {isa = PBXFileReference; lastKnownFileType = sourcecode.c.h; path = BBAAppDelegate.h; sourceTree = "<group>"; };
		DC47E24A190019510027280B /* BBAAppDelegate.m */ = {isa = PBXFileReference; lastKnownFileType = sourcecode.c.objc; path = BBAAppDelegate.m; sourceTree = "<group>"; };
		DC47E24C190019510027280B /* Images.xcassets */ = {isa = PBXFileReference; lastKnownFileType = folder.assetcatalog; path = Images.xcassets; sourceTree = "<group>"; };
		DC47E252190019520027280B /* BrickBreakerTests.xctest */ = {isa = PBXFileReference; explicitFileType = wrapper.cfbundle; includeInIndex = 0; path = BrickBreakerTests.xctest; sourceTree = BUILT_PRODUCTS_DIR; };
		DC47E253190019520027280B /* XCTest.framework */ = {isa = PBXFileReference; lastKnownFileType = wrapper.framework; name = XCTest.framework; path = Library/Frameworks/XCTest.framework; sourceTree = DEVELOPER_DIR; };
		DC47E25B190019520027280B /* BrickBreakerTests-Info.plist */ = {isa = PBXFileReference; lastKnownFileType = text.plist.xml; path = "BrickBreakerTests-Info.plist"; sourceTree = "<group>"; };
		DC47E25D190019520027280B /* en */ = {isa = PBXFileReference; lastKnownFileType = text.plist.strings; name = en; path = en.lproj/InfoPlist.strings; sourceTree = "<group>"; };
		DC47E25F190019520027280B /* BrickBreakerTests.m */ = {isa = PBXFileReference; lastKnownFileType = sourcecode.c.objc; path = BrickBreakerTests.m; sourceTree = "<group>"; };
		DC47E26919001BC40027280B /* BBAViewController.h */ = {isa = PBXFileReference; fileEncoding = 4; lastKnownFileType = sourcecode.c.h; path = BBAViewController.h; sourceTree = "<group>"; };
		DC47E26A19001BC40027280B /* BBAViewController.m */ = {isa = PBXFileReference; fileEncoding = 4; lastKnownFileType = sourcecode.c.objc; path = BBAViewController.m; sourceTree = "<group>"; };
		DC47E26C19001D4A0027280B /* BBALevelController.h */ = {isa = PBXFileReference; fileEncoding = 4; lastKnownFileType = sourcecode.c.h; name = BBALevelController.h; path = BrickBreaker/BBALevelController.h; sourceTree = "<group>"; };
		DC47E26D19001D4A0027280B /* BBALevelController.m */ = {isa = PBXFileReference; fileEncoding = 4; lastKnownFileType = sourcecode.c.objc; name = BBALevelController.m; path = BrickBreaker/BBALevelController.m; sourceTree = "<group>"; };
/* End PBXFileReference section */

/* Begin PBXFrameworksBuildPhase section */
		DC47E234190019510027280B /* Frameworks */ = {
			isa = PBXFrameworksBuildPhase;
			buildActionMask = 2147483647;
			files = (
				DC47E23D190019510027280B /* CoreGraphics.framework in Frameworks */,
				DC47E23F190019510027280B /* UIKit.framework in Frameworks */,
				DC47E23B190019510027280B /* Foundation.framework in Frameworks */,
			);
			runOnlyForDeploymentPostprocessing = 0;
		};
		DC47E24F190019520027280B /* Frameworks */ = {
			isa = PBXFrameworksBuildPhase;
			buildActionMask = 2147483647;
			files = (
				DC47E254190019520027280B /* XCTest.framework in Frameworks */,
				DC47E256190019520027280B /* UIKit.framework in Frameworks */,
				DC47E255190019520027280B /* Foundation.framework in Frameworks */,
			);
			runOnlyForDeploymentPostprocessing = 0;
		};
/* End PBXFrameworksBuildPhase section */

/* Begin PBXGroup section */
		DC47E22E190019510027280B = {
			isa = PBXGroup;
			children = (
				DC47E26C19001D4A0027280B /* BBALevelController.h */,
				DC47E26D19001D4A0027280B /* BBALevelController.m */,
				DC47E26919001BC40027280B /* BBAViewController.h */,
				DC47E26A19001BC40027280B /* BBAViewController.m */,
				DC47E240190019510027280B /* BrickBreaker */,
				DC47E259190019520027280B /* BrickBreakerTests */,
				DC47E239190019510027280B /* Frameworks */,
				DC47E238190019510027280B /* Products */,
			);
			sourceTree = "<group>";
		};
		DC47E238190019510027280B /* Products */ = {
			isa = PBXGroup;
			children = (
				DC47E237190019510027280B /* BrickBreaker.app */,
				DC47E252190019520027280B /* BrickBreakerTests.xctest */,
			);
			name = Products;
			sourceTree = "<group>";
		};
		DC47E239190019510027280B /* Frameworks */ = {
			isa = PBXGroup;
			children = (
				DC47E23A190019510027280B /* Foundation.framework */,
				DC47E23C190019510027280B /* CoreGraphics.framework */,
				DC47E23E190019510027280B /* UIKit.framework */,
				DC47E253190019520027280B /* XCTest.framework */,
			);
			name = Frameworks;
			sourceTree = "<group>";
		};
		DC47E240190019510027280B /* BrickBreaker */ = {
			isa = PBXGroup;
			children = (
				DC47E249190019510027280B /* BBAAppDelegate.h */,
				DC47E24A190019510027280B /* BBAAppDelegate.m */,
				DC47E24C190019510027280B /* Images.xcassets */,
				DC47E241190019510027280B /* Supporting Files */,
			);
			path = BrickBreaker;
			sourceTree = "<group>";
		};
		DC47E241190019510027280B /* Supporting Files */ = {
			isa = PBXGroup;
			children = (
				DC47E242190019510027280B /* BrickBreaker-Info.plist */,
				DC47E243190019510027280B /* InfoPlist.strings */,
				DC47E246190019510027280B /* main.m */,
				DC47E248190019510027280B /* BrickBreaker-Prefix.pch */,
			);
			name = "Supporting Files";
			sourceTree = "<group>";
		};
		DC47E259190019520027280B /* BrickBreakerTests */ = {
			isa = PBXGroup;
			children = (
				DC47E25F190019520027280B /* BrickBreakerTests.m */,
				DC47E25A190019520027280B /* Supporting Files */,
			);
			path = BrickBreakerTests;
			sourceTree = "<group>";
		};
		DC47E25A190019520027280B /* Supporting Files */ = {
			isa = PBXGroup;
			children = (
				DC47E25B190019520027280B /* BrickBreakerTests-Info.plist */,
				DC47E25C190019520027280B /* InfoPlist.strings */,
			);
			name = "Supporting Files";
			sourceTree = "<group>";
		};
/* End PBXGroup section */

/* Begin PBXNativeTarget section */
		DC47E236190019510027280B /* BrickBreaker */ = {
			isa = PBXNativeTarget;
			buildConfigurationList = DC47E263190019520027280B /* Build configuration list for PBXNativeTarget "BrickBreaker" */;
			buildPhases = (
				DC47E233190019510027280B /* Sources */,
				DC47E234190019510027280B /* Frameworks */,
				DC47E235190019510027280B /* Resources */,
			);
			buildRules = (
			);
			dependencies = (
			);
			name = BrickBreaker;
			productName = BrickBreaker;
			productReference = DC47E237190019510027280B /* BrickBreaker.app */;
			productType = "com.apple.product-type.application";
		};
		DC47E251190019520027280B /* BrickBreakerTests */ = {
			isa = PBXNativeTarget;
			buildConfigurationList = DC47E266190019520027280B /* Build configuration list for PBXNativeTarget "BrickBreakerTests" */;
			buildPhases = (
				DC47E24E190019520027280B /* Sources */,
				DC47E24F190019520027280B /* Frameworks */,
				DC47E250190019520027280B /* Resources */,
			);
			buildRules = (
			);
			dependencies = (
				DC47E258190019520027280B /* PBXTargetDependency */,
			);
			name = BrickBreakerTests;
			productName = BrickBreakerTests;
			productReference = DC47E252190019520027280B /* BrickBreakerTests.xctest */;
			productType = "com.apple.product-type.bundle.unit-test";
		};
/* End PBXNativeTarget section */

/* Begin PBXProject section */
		DC47E22F190019510027280B /* Project object */ = {
			isa = PBXProject;
			attributes = {
				CLASSPREFIX = BBA;
				LastUpgradeCheck = 0510;
				ORGANIZATIONNAME = "Media Mongoose";
				TargetAttributes = {
					DC47E251190019520027280B = {
						TestTargetID = DC47E236190019510027280B;
					};
				};
			};
			buildConfigurationList = DC47E232190019510027280B /* Build configuration list for PBXProject "BrickBreaker" */;
			compatibilityVersion = "Xcode 3.2";
			developmentRegion = English;
			hasScannedForEncodings = 0;
			knownRegions = (
				en,
			);
			mainGroup = DC47E22E190019510027280B;
			productRefGroup = DC47E238190019510027280B /* Products */;
			projectDirPath = "";
			projectRoot = "";
			targets = (
				DC47E236190019510027280B /* BrickBreaker */,
				DC47E251190019520027280B /* BrickBreakerTests */,
			);
		};
/* End PBXProject section */

/* Begin PBXResourcesBuildPhase section */
		DC47E235190019510027280B /* Resources */ = {
			isa = PBXResourcesBuildPhase;
			buildActionMask = 2147483647;
			files = (
				DC47E245190019510027280B /* InfoPlist.strings in Resources */,
				DC47E24D190019510027280B /* Images.xcassets in Resources */,
			);
			runOnlyForDeploymentPostprocessing = 0;
		};
		DC47E250190019520027280B /* Resources */ = {
			isa = PBXResourcesBuildPhase;
			buildActionMask = 2147483647;
			files = (
				DC47E25E190019520027280B /* InfoPlist.strings in Resources */,
			);
			runOnlyForDeploymentPostprocessing = 0;
		};
/* End PBXResourcesBuildPhase section */

/* Begin PBXSourcesBuildPhase section */
		DC47E233190019510027280B /* Sources */ = {
			isa = PBXSourcesBuildPhase;
			buildActionMask = 2147483647;
			files = (
				DC47E26E19001D4A0027280B /* BBALevelController.m in Sources */,
				DC47E26B19001BC40027280B /* BBAViewController.m in Sources */,
				DC47E24B190019510027280B /* BBAAppDelegate.m in Sources */,
				DC47E247190019510027280B /* main.m in Sources */,
			);
			runOnlyForDeploymentPostprocessing = 0;
		};
		DC47E24E190019520027280B /* Sources */ = {
			isa = PBXSourcesBuildPhase;
			buildActionMask = 2147483647;
			files = (
				DC47E260190019520027280B /* BrickBreakerTests.m in Sources */,
			);
			runOnlyForDeploymentPostprocessing = 0;
		};
/* End PBXSourcesBuildPhase section */

/* Begin PBXTargetDependency section */
		DC47E258190019520027280B /* PBXTargetDependency */ = {
			isa = PBXTargetDependency;
			target = DC47E236190019510027280B /* BrickBreaker */;
			targetProxy = DC47E257190019520027280B /* PBXContainerItemProxy */;
		};
/* End PBXTargetDependency section */

/* Begin PBXVariantGroup section */
		DC47E243190019510027280B /* InfoPlist.strings */ = {
			isa = PBXVariantGroup;
			children = (
				DC47E244190019510027280B /* en */,
			);
			name = InfoPlist.strings;
			sourceTree = "<group>";
		};
		DC47E25C190019520027280B /* InfoPlist.strings */ = {
			isa = PBXVariantGroup;
			children = (
				DC47E25D190019520027280B /* en */,
			);
			name = InfoPlist.strings;
			sourceTree = "<group>";
		};
/* End PBXVariantGroup section */

/* Begin XCBuildConfiguration section */
		DC47E261190019520027280B /* Debug */ = {
			isa = XCBuildConfiguration;
			buildSettings = {
				ALWAYS_SEARCH_USER_PATHS = NO;
				CLANG_CXX_LANGUAGE_STANDARD = "gnu++0x";
				CLANG_CXX_LIBRARY = "libc++";
				CLANG_ENABLE_MODULES = YES;
				CLANG_ENABLE_OBJC_ARC = YES;
				CLANG_WARN_BOOL_CONVERSION = YES;
				CLANG_WARN_CONSTANT_CONVERSION = YES;
				CLANG_WARN_DIRECT_OBJC_ISA_USAGE = YES_ERROR;
				CLANG_WARN_EMPTY_BODY = YES;
				CLANG_WARN_ENUM_CONVERSION = YES;
				CLANG_WARN_INT_CONVERSION = YES;
				CLANG_WARN_OBJC_ROOT_CLASS = YES_ERROR;
				CLANG_WARN__DUPLICATE_METHOD_MATCH = YES;
				"CODE_SIGN_IDENTITY[sdk=iphoneos*]" = "iPhone Developer";
				COPY_PHASE_STRIP = NO;
				GCC_C_LANGUAGE_STANDARD = gnu99;
				GCC_DYNAMIC_NO_PIC = NO;
				GCC_OPTIMIZATION_LEVEL = 0;
				GCC_PREPROCESSOR_DEFINITIONS = (
					"DEBUG=1",
					"$(inherited)",
				);
				GCC_SYMBOLS_PRIVATE_EXTERN = NO;
				GCC_WARN_64_TO_32_BIT_CONVERSION = YES;
				GCC_WARN_ABOUT_RETURN_TYPE = YES_ERROR;
				GCC_WARN_UNDECLARED_SELECTOR = YES;
				GCC_WARN_UNINITIALIZED_AUTOS = YES_AGGRESSIVE;
				GCC_WARN_UNUSED_FUNCTION = YES;
				GCC_WARN_UNUSED_VARIABLE = YES;
				IPHONEOS_DEPLOYMENT_TARGET = 7.1;
				ONLY_ACTIVE_ARCH = YES;
				SDKROOT = iphoneos;
			};
			name = Debug;
		};
		DC47E262190019520027280B /* Release */ = {
			isa = XCBuildConfiguration;
			buildSettings = {
				ALWAYS_SEARCH_USER_PATHS = NO;
				CLANG_CXX_LANGUAGE_STANDARD = "gnu++0x";
				CLANG_CXX_LIBRARY = "libc++";
				CLANG_ENABLE_MODULES = YES;
				CLANG_ENABLE_OBJC_ARC = YES;
				CLANG_WARN_BOOL_CONVERSION = YES;
				CLANG_WARN_CONSTANT_CONVERSION = YES;
				CLANG_WARN_DIRECT_OBJC_ISA_USAGE = YES_ERROR;
				CLANG_WARN_EMPTY_BODY = YES;
				CLANG_WARN_ENUM_CONVERSION = YES;
				CLANG_WARN_INT_CONVERSION = YES;
				CLANG_WARN_OBJC_ROOT_CLASS = YES_ERROR;
				CLANG_WARN__DUPLICATE_METHOD_MATCH = YES;
				"CODE_SIGN_IDENTITY[sdk=iphoneos*]" = "iPhone Developer";
				COPY_PHASE_STRIP = YES;
				ENABLE_NS_ASSERTIONS = NO;
				GCC_C_LANGUAGE_STANDARD = gnu99;
				GCC_WARN_64_TO_32_BIT_CONVERSION = YES;
				GCC_WARN_ABOUT_RETURN_TYPE = YES_ERROR;
				GCC_WARN_UNDECLARED_SELECTOR = YES;
				GCC_WARN_UNINITIALIZED_AUTOS = YES_AGGRESSIVE;
				GCC_WARN_UNUSED_FUNCTION = YES;
				GCC_WARN_UNUSED_VARIABLE = YES;
				IPHONEOS_DEPLOYMENT_TARGET = 7.1;
				SDKROOT = iphoneos;
				VALIDATE_PRODUCT = YES;
			};
			name = Release;
		};
		DC47E264190019520027280B /* Debug */ = {
			isa = XCBuildConfiguration;
			buildSettings = {
				ASSETCATALOG_COMPILER_APPICON_NAME = AppIcon;
				ASSETCATALOG_COMPILER_LAUNCHIMAGE_NAME = LaunchImage;
				GCC_PRECOMPILE_PREFIX_HEADER = YES;
				GCC_PREFIX_HEADER = "BrickBreaker/BrickBreaker-Prefix.pch";
				INFOPLIST_FILE = "BrickBreaker/BrickBreaker-Info.plist";
				PRODUCT_NAME = "$(TARGET_NAME)";
				WRAPPER_EXTENSION = app;
			};
			name = Debug;
		};
		DC47E265190019520027280B /* Release */ = {
			isa = XCBuildConfiguration;
			buildSettings = {
				ASSETCATALOG_COMPILER_APPICON_NAME = AppIcon;
				ASSETCATALOG_COMPILER_LAUNCHIMAGE_NAME = LaunchImage;
				GCC_PRECOMPILE_PREFIX_HEADER = YES;
				GCC_PREFIX_HEADER = "BrickBreaker/BrickBreaker-Prefix.pch";
				INFOPLIST_FILE = "BrickBreaker/BrickBreaker-Info.plist";
				PRODUCT_NAME = "$(TARGET_NAME)";
				WRAPPER_EXTENSION = app;
			};
			name = Release;
		};
		DC47E267190019520027280B /* Debug */ = {
			isa = XCBuildConfiguration;
			buildSettings = {
				BUNDLE_LOADER = "$(BUILT_PRODUCTS_DIR)/BrickBreaker.app/BrickBreaker";
				FRAMEWORK_SEARCH_PATHS = (
					"$(SDKROOT)/Developer/Library/Frameworks",
					"$(inherited)",
					"$(DEVELOPER_FRAMEWORKS_DIR)",
				);
				GCC_PRECOMPILE_PREFIX_HEADER = YES;
				GCC_PREFIX_HEADER = "BrickBreaker/BrickBreaker-Prefix.pch";
				GCC_PREPROCESSOR_DEFINITIONS = (
					"DEBUG=1",
					"$(inherited)",
				);
				INFOPLIST_FILE = "BrickBreakerTests/BrickBreakerTests-Info.plist";
				PRODUCT_NAME = "$(TARGET_NAME)";
				TEST_HOST = "$(BUNDLE_LOADER)";
				WRAPPER_EXTENSION = xctest;
			};
			name = Debug;
		};
		DC47E268190019520027280B /* Release */ = {
			isa = XCBuildConfiguration;
			buildSettings = {
				BUNDLE_LOADER = "$(BUILT_PRODUCTS_DIR)/BrickBreaker.app/BrickBreaker";
				FRAMEWORK_SEARCH_PATHS = (
					"$(SDKROOT)/Developer/Library/Frameworks",
					"$(inherited)",
					"$(DEVELOPER_FRAMEWORKS_DIR)",
				);
				GCC_PRECOMPILE_PREFIX_HEADER = YES;
				GCC_PREFIX_HEADER = "BrickBreaker/BrickBreaker-Prefix.pch";
				INFOPLIST_FILE = "BrickBreakerTests/BrickBreakerTests-Info.plist";
				PRODUCT_NAME = "$(TARGET_NAME)";
				TEST_HOST = "$(BUNDLE_LOADER)";
				WRAPPER_EXTENSION = xctest;
			};
			name = Release;
		};
/* End XCBuildConfiguration section */

/* Begin XCConfigurationList section */
		DC47E232190019510027280B /* Build configuration list for PBXProject "BrickBreaker" */ = {
			isa = XCConfigurationList;
			buildConfigurations = (
				DC47E261190019520027280B /* Debug */,
				DC47E262190019520027280B /* Release */,
			);
			defaultConfigurationIsVisible = 0;
			defaultConfigurationName = Release;
		};
		DC47E263190019520027280B /* Build configuration list for PBXNativeTarget "BrickBreaker" */ = {
			isa = XCConfigurationList;
			buildConfigurations = (
				DC47E264190019520027280B /* Debug */,
				DC47E265190019520027280B /* Release */,
			);
			defaultConfigurationIsVisible = 0;
		};
		DC47E266190019520027280B /* Build configuration list for PBXNativeTarget "BrickBreakerTests" */ = {
			isa = XCConfigurationList;
			buildConfigurations = (
				DC47E267190019520027280B /* Debug */,
				DC47E268190019520027280B /* Release */,
			);
			defaultConfigurationIsVisible = 0;
		};
/* End XCConfigurationList section */
	};
	rootObject = DC47E22F190019510027280B /* Project object */;
}
