// !$*UTF8*$!
{
	archiveVersion = 1;
	classes = {
	};
	objectVersion = 46;
	objects = {

/* Begin PBXBuildFile section */
		DC0A171018EDA79800882AD0 /* TDLTableViewCell.m in Sources */ = {isa = PBXBuildFile; fileRef = DC0A170F18EDA79800882AD0 /* TDLTableViewCell.m */; };
		DC0A171418EF332500882AD0 /* GitHubFlow.storyboard in Resources */ = {isa = PBXBuildFile; fileRef = DC0A171318EF332400882AD0 /* GitHubFlow.storyboard */; };
		DC58558A18EC4AE800880E5B /* Foundation.framework in Frameworks */ = {isa = PBXBuildFile; fileRef = DC58558918EC4AE800880E5B /* Foundation.framework */; };
		DC58558C18EC4AE800880E5B /* CoreGraphics.framework in Frameworks */ = {isa = PBXBuildFile; fileRef = DC58558B18EC4AE800880E5B /* CoreGraphics.framework */; };
		DC58558E18EC4AE800880E5B /* UIKit.framework in Frameworks */ = {isa = PBXBuildFile; fileRef = DC58558D18EC4AE800880E5B /* UIKit.framework */; };
		DC58559418EC4AE800880E5B /* InfoPlist.strings in Resources */ = {isa = PBXBuildFile; fileRef = DC58559218EC4AE800880E5B /* InfoPlist.strings */; };
		DC58559618EC4AE800880E5B /* main.m in Sources */ = {isa = PBXBuildFile; fileRef = DC58559518EC4AE800880E5B /* main.m */; };
		DC58559A18EC4AE800880E5B /* TDLAppDelegate.m in Sources */ = {isa = PBXBuildFile; fileRef = DC58559918EC4AE800880E5B /* TDLAppDelegate.m */; };
		DC58559C18EC4AE800880E5B /* Images.xcassets in Resources */ = {isa = PBXBuildFile; fileRef = DC58559B18EC4AE800880E5B /* Images.xcassets */; };
		DC5855A318EC4AE800880E5B /* XCTest.framework in Frameworks */ = {isa = PBXBuildFile; fileRef = DC5855A218EC4AE800880E5B /* XCTest.framework */; };
		DC5855A418EC4AE800880E5B /* Foundation.framework in Frameworks */ = {isa = PBXBuildFile; fileRef = DC58558918EC4AE800880E5B /* Foundation.framework */; };
		DC5855A518EC4AE800880E5B /* UIKit.framework in Frameworks */ = {isa = PBXBuildFile; fileRef = DC58558D18EC4AE800880E5B /* UIKit.framework */; };
		DC5855AD18EC4AE800880E5B /* InfoPlist.strings in Resources */ = {isa = PBXBuildFile; fileRef = DC5855AB18EC4AE800880E5B /* InfoPlist.strings */; };
		DC5855AF18EC4AE800880E5B /* ToDoTests.m in Sources */ = {isa = PBXBuildFile; fileRef = DC5855AE18EC4AE800880E5B /* ToDoTests.m */; };
		DC5855BA18EC4C7800880E5B /* TDLTableViewController.m in Sources */ = {isa = PBXBuildFile; fileRef = DC5855B918EC4C7800880E5B /* TDLTableViewController.m */; };
		DC5855BC18EC8AF800880E5B /* Teddy.png in Resources */ = {isa = PBXBuildFile; fileRef = DC5855BB18EC8AF800880E5B /* Teddy.png */; };
		DC5855C318EC8B8200880E5B /* Derek.png in Resources */ = {isa = PBXBuildFile; fileRef = DC5855BF18EC8B8200880E5B /* Derek.png */; };
		DC5855CC18EC8BBA00880E5B /* Heidi.png in Resources */ = {isa = PBXBuildFile; fileRef = DC5855C618EC8BBA00880E5B /* Heidi.png */; };
		DC5855CD18EC8BBA00880E5B /* Ashby.png in Resources */ = {isa = PBXBuildFile; fileRef = DC5855C718EC8BBA00880E5B /* Ashby.png */; };
		DC5855CE18EC8BBA00880E5B /* Austen.png in Resources */ = {isa = PBXBuildFile; fileRef = DC5855C818EC8BBA00880E5B /* Austen.png */; };
		DC5855D018EC8BBA00880E5B /* Jeffrey.png in Resources */ = {isa = PBXBuildFile; fileRef = DC5855CA18EC8BBA00880E5B /* Jeffrey.png */; };
		DC5855D118EC8BBA00880E5B /* Jeff.png in Resources */ = {isa = PBXBuildFile; fileRef = DC5855CB18EC8BBA00880E5B /* Jeff.png */; };
		DC5855D418EC8BCF00880E5B /* Savitha.png in Resources */ = {isa = PBXBuildFile; fileRef = DC5855D218EC8BCF00880E5B /* Savitha.png */; };
		DC5855D518EC8BCF00880E5B /* TJ.png in Resources */ = {isa = PBXBuildFile; fileRef = DC5855D318EC8BCF00880E5B /* TJ.png */; };
		DC5855D718EC911A00880E5B /* Austin.png in Resources */ = {isa = PBXBuildFile; fileRef = DC5855D618EC911A00880E5B /* Austin.png */; };
		DC5855D918EC914E00880E5B /* ED.png in Resources */ = {isa = PBXBuildFile; fileRef = DC5855D818EC914E00880E5B /* ED.png */; };
		DC5855DB18EC919000880E5B /* Ali.png in Resources */ = {isa = PBXBuildFile; fileRef = DC5855DA18EC919000880E5B /* Ali.png */; };
		DC5855DD18EC983200880E5B /* Jon.png in Resources */ = {isa = PBXBuildFile; fileRef = DC5855DC18EC983100880E5B /* Jon.png */; };
		DC96C45018ED6D6100911A97 /* Jisha.png in Resources */ = {isa = PBXBuildFile; fileRef = DC96C44F18ED6D6100911A97 /* Jisha.png */; };
		DC96C45418ED863000911A97 /* John.png in Resources */ = {isa = PBXBuildFile; fileRef = DC96C45318ED863000911A97 /* John.png */; };
/* End PBXBuildFile section */

/* Begin PBXContainerItemProxy section */
		DC5855A618EC4AE800880E5B /* PBXContainerItemProxy */ = {
			isa = PBXContainerItemProxy;
			containerPortal = DC58557E18EC4AE800880E5B /* Project object */;
			proxyType = 1;
			remoteGlobalIDString = DC58558518EC4AE800880E5B;
			remoteInfo = ToDo;
		};
/* End PBXContainerItemProxy section */

/* Begin PBXFileReference section */
		DC0A170E18EDA79800882AD0 /* TDLTableViewCell.h */ = {isa = PBXFileReference; fileEncoding = 4; lastKnownFileType = sourcecode.c.h; path = TDLTableViewCell.h; sourceTree = "<group>"; };
		DC0A170F18EDA79800882AD0 /* TDLTableViewCell.m */ = {isa = PBXFileReference; fileEncoding = 4; lastKnownFileType = sourcecode.c.objc; path = TDLTableViewCell.m; sourceTree = "<group>"; };
		DC0A171318EF332400882AD0 /* GitHubFlow.storyboard */ = {isa = PBXFileReference; fileEncoding = 4; lastKnownFileType = file.storyboard; path = GitHubFlow.storyboard; sourceTree = "<group>"; };
		DC58558618EC4AE800880E5B /* ToDo.app */ = {isa = PBXFileReference; explicitFileType = wrapper.application; includeInIndex = 0; path = ToDo.app; sourceTree = BUILT_PRODUCTS_DIR; };
		DC58558918EC4AE800880E5B /* Foundation.framework */ = {isa = PBXFileReference; lastKnownFileType = wrapper.framework; name = Foundation.framework; path = System/Library/Frameworks/Foundation.framework; sourceTree = SDKROOT; };
		DC58558B18EC4AE800880E5B /* CoreGraphics.framework */ = {isa = PBXFileReference; lastKnownFileType = wrapper.framework; name = CoreGraphics.framework; path = System/Library/Frameworks/CoreGraphics.framework; sourceTree = SDKROOT; };
		DC58558D18EC4AE800880E5B /* UIKit.framework */ = {isa = PBXFileReference; lastKnownFileType = wrapper.framework; name = UIKit.framework; path = System/Library/Frameworks/UIKit.framework; sourceTree = SDKROOT; };
		DC58559118EC4AE800880E5B /* ToDo-Info.plist */ = {isa = PBXFileReference; lastKnownFileType = text.plist.xml; path = "ToDo-Info.plist"; sourceTree = "<group>"; };
		DC58559318EC4AE800880E5B /* en */ = {isa = PBXFileReference; lastKnownFileType = text.plist.strings; name = en; path = en.lproj/InfoPlist.strings; sourceTree = "<group>"; };
		DC58559518EC4AE800880E5B /* main.m */ = {isa = PBXFileReference; lastKnownFileType = sourcecode.c.objc; path = main.m; sourceTree = "<group>"; };
		DC58559718EC4AE800880E5B /* ToDo-Prefix.pch */ = {isa = PBXFileReference; lastKnownFileType = sourcecode.c.h; path = "ToDo-Prefix.pch"; sourceTree = "<group>"; };
		DC58559818EC4AE800880E5B /* TDLAppDelegate.h */ = {isa = PBXFileReference; lastKnownFileType = sourcecode.c.h; path = TDLAppDelegate.h; sourceTree = "<group>"; };
		DC58559918EC4AE800880E5B /* TDLAppDelegate.m */ = {isa = PBXFileReference; lastKnownFileType = sourcecode.c.objc; path = TDLAppDelegate.m; sourceTree = "<group>"; };
		DC58559B18EC4AE800880E5B /* Images.xcassets */ = {isa = PBXFileReference; lastKnownFileType = folder.assetcatalog; path = Images.xcassets; sourceTree = "<group>"; };
		DC5855A118EC4AE800880E5B /* ToDoTests.xctest */ = {isa = PBXFileReference; explicitFileType = wrapper.cfbundle; includeInIndex = 0; path = ToDoTests.xctest; sourceTree = BUILT_PRODUCTS_DIR; };
		DC5855A218EC4AE800880E5B /* XCTest.framework */ = {isa = PBXFileReference; lastKnownFileType = wrapper.framework; name = XCTest.framework; path = Library/Frameworks/XCTest.framework; sourceTree = DEVELOPER_DIR; };
		DC5855AA18EC4AE800880E5B /* ToDoTests-Info.plist */ = {isa = PBXFileReference; lastKnownFileType = text.plist.xml; path = "ToDoTests-Info.plist"; sourceTree = "<group>"; };
		DC5855AC18EC4AE800880E5B /* en */ = {isa = PBXFileReference; lastKnownFileType = text.plist.strings; name = en; path = en.lproj/InfoPlist.strings; sourceTree = "<group>"; };
		DC5855AE18EC4AE800880E5B /* ToDoTests.m */ = {isa = PBXFileReference; lastKnownFileType = sourcecode.c.objc; path = ToDoTests.m; sourceTree = "<group>"; };
		DC5855B818EC4C7800880E5B /* TDLTableViewController.h */ = {isa = PBXFileReference; fileEncoding = 4; lastKnownFileType = sourcecode.c.h; path = TDLTableViewController.h; sourceTree = "<group>"; };
		DC5855B918EC4C7800880E5B /* TDLTableViewController.m */ = {isa = PBXFileReference; fileEncoding = 4; lastKnownFileType = sourcecode.c.objc; path = TDLTableViewController.m; sourceTree = "<group>"; };
		DC5855BB18EC8AF800880E5B /* Teddy.png */ = {isa = PBXFileReference; lastKnownFileType = image.png; path = Teddy.png; sourceTree = "<group>"; };
		DC5855BF18EC8B8200880E5B /* Derek.png */ = {isa = PBXFileReference; lastKnownFileType = image.png; path = Derek.png; sourceTree = "<group>"; };
		DC5855C618EC8BBA00880E5B /* Heidi.png */ = {isa = PBXFileReference; lastKnownFileType = image.png; path = Heidi.png; sourceTree = "<group>"; };
		DC5855C718EC8BBA00880E5B /* Ashby.png */ = {isa = PBXFileReference; lastKnownFileType = image.png; path = Ashby.png; sourceTree = "<group>"; };
		DC5855C818EC8BBA00880E5B /* Austen.png */ = {isa = PBXFileReference; lastKnownFileType = image.png; path = Austen.png; sourceTree = "<group>"; };
		DC5855CA18EC8BBA00880E5B /* Jeffrey.png */ = {isa = PBXFileReference; lastKnownFileType = image.png; path = Jeffrey.png; sourceTree = "<group>"; };
		DC5855CB18EC8BBA00880E5B /* Jeff.png */ = {isa = PBXFileReference; lastKnownFileType = image.png; path = Jeff.png; sourceTree = "<group>"; };
		DC5855D218EC8BCF00880E5B /* Savitha.png */ = {isa = PBXFileReference; lastKnownFileType = image.png; path = Savitha.png; sourceTree = "<group>"; };
		DC5855D318EC8BCF00880E5B /* TJ.png */ = {isa = PBXFileReference; lastKnownFileType = image.png; path = TJ.png; sourceTree = "<group>"; };
		DC5855D618EC911A00880E5B /* Austin.png */ = {isa = PBXFileReference; lastKnownFileType = image.png; path = Austin.png; sourceTree = "<group>"; };
		DC5855D818EC914E00880E5B /* ED.png */ = {isa = PBXFileReference; lastKnownFileType = image.png; path = ED.png; sourceTree = "<group>"; };
		DC5855DA18EC919000880E5B /* Ali.png */ = {isa = PBXFileReference; lastKnownFileType = image.png; path = Ali.png; sourceTree = "<group>"; };
		DC5855DC18EC983100880E5B /* Jon.png */ = {isa = PBXFileReference; lastKnownFileType = image.png; path = Jon.png; sourceTree = "<group>"; };
		DC96C44F18ED6D6100911A97 /* Jisha.png */ = {isa = PBXFileReference; lastKnownFileType = image.png; path = Jisha.png; sourceTree = "<group>"; };
		DC96C45318ED863000911A97 /* John.png */ = {isa = PBXFileReference; lastKnownFileType = image.png; path = John.png; sourceTree = "<group>"; };
/* End PBXFileReference section */

/* Begin PBXFrameworksBuildPhase section */
		DC58558318EC4AE800880E5B /* Frameworks */ = {
			isa = PBXFrameworksBuildPhase;
			buildActionMask = 2147483647;
			files = (
				DC58558C18EC4AE800880E5B /* CoreGraphics.framework in Frameworks */,
				DC58558E18EC4AE800880E5B /* UIKit.framework in Frameworks */,
				DC58558A18EC4AE800880E5B /* Foundation.framework in Frameworks */,
			);
			runOnlyForDeploymentPostprocessing = 0;
		};
		DC58559E18EC4AE800880E5B /* Frameworks */ = {
			isa = PBXFrameworksBuildPhase;
			buildActionMask = 2147483647;
			files = (
				DC5855A318EC4AE800880E5B /* XCTest.framework in Frameworks */,
				DC5855A518EC4AE800880E5B /* UIKit.framework in Frameworks */,
				DC5855A418EC4AE800880E5B /* Foundation.framework in Frameworks */,
			);
			runOnlyForDeploymentPostprocessing = 0;
		};
/* End PBXFrameworksBuildPhase section */

/* Begin PBXGroup section */
		DC0A171118EDA7EC00882AD0 /* Controller */ = {
			isa = PBXGroup;
			children = (
				DC5855B818EC4C7800880E5B /* TDLTableViewController.h */,
				DC5855B918EC4C7800880E5B /* TDLTableViewController.m */,
				DC0A171218EDA82B00882AD0 /* TableView */,
			);
			name = Controller;
			path = ToDo;
			sourceTree = "<group>";
		};
		DC0A171218EDA82B00882AD0 /* TableView */ = {
			isa = PBXGroup;
			children = (
				DC0A170E18EDA79800882AD0 /* TDLTableViewCell.h */,
				DC0A170F18EDA79800882AD0 /* TDLTableViewCell.m */,
			);
			name = TableView;
			sourceTree = "<group>";
		};
		DC58557D18EC4AE800880E5B = {
			isa = PBXGroup;
			children = (
				DC0A171318EF332400882AD0 /* GitHubFlow.storyboard */,
				DC0A171118EDA7EC00882AD0 /* Controller */,
				DC58558F18EC4AE800880E5B /* ToDo */,
				DC5855A818EC4AE800880E5B /* ToDoTests */,
				DC58558818EC4AE800880E5B /* Frameworks */,
				DC58558718EC4AE800880E5B /* Products */,
			);
			sourceTree = "<group>";
		};
		DC58558718EC4AE800880E5B /* Products */ = {
			isa = PBXGroup;
			children = (
				DC58558618EC4AE800880E5B /* ToDo.app */,
				DC5855A118EC4AE800880E5B /* ToDoTests.xctest */,
			);
			name = Products;
			sourceTree = "<group>";
		};
		DC58558818EC4AE800880E5B /* Frameworks */ = {
			isa = PBXGroup;
			children = (
				DC58558918EC4AE800880E5B /* Foundation.framework */,
				DC58558B18EC4AE800880E5B /* CoreGraphics.framework */,
				DC58558D18EC4AE800880E5B /* UIKit.framework */,
				DC5855A218EC4AE800880E5B /* XCTest.framework */,
			);
			name = Frameworks;
			sourceTree = "<group>";
		};
		DC58558F18EC4AE800880E5B /* ToDo */ = {
			isa = PBXGroup;
			children = (
				DC58559818EC4AE800880E5B /* TDLAppDelegate.h */,
				DC58559918EC4AE800880E5B /* TDLAppDelegate.m */,
				DC5855BD18EC8AFF00880E5B /* images */,
				DC58559B18EC4AE800880E5B /* Images.xcassets */,
				DC58559018EC4AE800880E5B /* Supporting Files */,
			);
			path = ToDo;
			sourceTree = "<group>";
		};
		DC58559018EC4AE800880E5B /* Supporting Files */ = {
			isa = PBXGroup;
			children = (
				DC58559118EC4AE800880E5B /* ToDo-Info.plist */,
				DC58559218EC4AE800880E5B /* InfoPlist.strings */,
				DC58559518EC4AE800880E5B /* main.m */,
				DC58559718EC4AE800880E5B /* ToDo-Prefix.pch */,
			);
			name = "Supporting Files";
			sourceTree = "<group>";
		};
		DC5855A818EC4AE800880E5B /* ToDoTests */ = {
			isa = PBXGroup;
			children = (
				DC5855AE18EC4AE800880E5B /* ToDoTests.m */,
				DC5855A918EC4AE800880E5B /* Supporting Files */,
			);
			path = ToDoTests;
			sourceTree = "<group>";
		};
		DC5855A918EC4AE800880E5B /* Supporting Files */ = {
			isa = PBXGroup;
			children = (
				DC5855AA18EC4AE800880E5B /* ToDoTests-Info.plist */,
				DC5855AB18EC4AE800880E5B /* InfoPlist.strings */,
			);
			name = "Supporting Files";
			sourceTree = "<group>";
		};
		DC5855BD18EC8AFF00880E5B /* images */ = {
			isa = PBXGroup;
			children = (
				DC96C45318ED863000911A97 /* John.png */,
				DC96C44F18ED6D6100911A97 /* Jisha.png */,
				DC5855DC18EC983100880E5B /* Jon.png */,
				DC5855DA18EC919000880E5B /* Ali.png */,
				DC5855D818EC914E00880E5B /* ED.png */,
				DC5855D618EC911A00880E5B /* Austin.png */,
				DC5855D218EC8BCF00880E5B /* Savitha.png */,
				DC5855D318EC8BCF00880E5B /* TJ.png */,
				DC5855C618EC8BBA00880E5B /* Heidi.png */,
				DC5855C718EC8BBA00880E5B /* Ashby.png */,
				DC5855C818EC8BBA00880E5B /* Austen.png */,
				DC5855CA18EC8BBA00880E5B /* Jeffrey.png */,
				DC5855CB18EC8BBA00880E5B /* Jeff.png */,
				DC5855BF18EC8B8200880E5B /* Derek.png */,
				DC5855BB18EC8AF800880E5B /* Teddy.png */,
			);
			name = images;
			sourceTree = "<group>";
		};
/* End PBXGroup section */

/* Begin PBXNativeTarget section */
		DC58558518EC4AE800880E5B /* ToDo */ = {
			isa = PBXNativeTarget;
			buildConfigurationList = DC5855B218EC4AE800880E5B /* Build configuration list for PBXNativeTarget "ToDo" */;
			buildPhases = (
				DC58558218EC4AE800880E5B /* Sources */,
				DC58558318EC4AE800880E5B /* Frameworks */,
				DC58558418EC4AE800880E5B /* Resources */,
			);
			buildRules = (
			);
			dependencies = (
			);
			name = ToDo;
			productName = ToDo;
			productReference = DC58558618EC4AE800880E5B /* ToDo.app */;
			productType = "com.apple.product-type.application";
		};
		DC5855A018EC4AE800880E5B /* ToDoTests */ = {
			isa = PBXNativeTarget;
			buildConfigurationList = DC5855B518EC4AE800880E5B /* Build configuration list for PBXNativeTarget "ToDoTests" */;
			buildPhases = (
				DC58559D18EC4AE800880E5B /* Sources */,
				DC58559E18EC4AE800880E5B /* Frameworks */,
				DC58559F18EC4AE800880E5B /* Resources */,
			);
			buildRules = (
			);
			dependencies = (
				DC5855A718EC4AE800880E5B /* PBXTargetDependency */,
			);
			name = ToDoTests;
			productName = ToDoTests;
			productReference = DC5855A118EC4AE800880E5B /* ToDoTests.xctest */;
			productType = "com.apple.product-type.bundle.unit-test";
		};
/* End PBXNativeTarget section */

/* Begin PBXProject section */
		DC58557E18EC4AE800880E5B /* Project object */ = {
			isa = PBXProject;
			attributes = {
				CLASSPREFIX = TDL;
				LastUpgradeCheck = 0510;
				ORGANIZATIONNAME = "Media Mongoose";
				TargetAttributes = {
					DC5855A018EC4AE800880E5B = {
						TestTargetID = DC58558518EC4AE800880E5B;
					};
				};
			};
			buildConfigurationList = DC58558118EC4AE800880E5B /* Build configuration list for PBXProject "ToDo" */;
			compatibilityVersion = "Xcode 3.2";
			developmentRegion = English;
			hasScannedForEncodings = 0;
			knownRegions = (
				en,
			);
			mainGroup = DC58557D18EC4AE800880E5B;
			productRefGroup = DC58558718EC4AE800880E5B /* Products */;
			projectDirPath = "";
			projectRoot = "";
			targets = (
				DC58558518EC4AE800880E5B /* ToDo */,
				DC5855A018EC4AE800880E5B /* ToDoTests */,
			);
		};
/* End PBXProject section */

/* Begin PBXResourcesBuildPhase section */
		DC58558418EC4AE800880E5B /* Resources */ = {
			isa = PBXResourcesBuildPhase;
			buildActionMask = 2147483647;
			files = (
				DC5855DB18EC919000880E5B /* Ali.png in Resources */,
				DC5855D418EC8BCF00880E5B /* Savitha.png in Resources */,
				DC96C45418ED863000911A97 /* John.png in Resources */,
				DC5855D718EC911A00880E5B /* Austin.png in Resources */,
				DC5855D918EC914E00880E5B /* ED.png in Resources */,
				DC5855C318EC8B8200880E5B /* Derek.png in Resources */,
				DC5855D018EC8BBA00880E5B /* Jeffrey.png in Resources */,
				DC5855BC18EC8AF800880E5B /* Teddy.png in Resources */,
				DC5855CD18EC8BBA00880E5B /* Ashby.png in Resources */,
				DC58559418EC4AE800880E5B /* InfoPlist.strings in Resources */,
				DC5855D118EC8BBA00880E5B /* Jeff.png in Resources */,
				DC0A171418EF332500882AD0 /* GitHubFlow.storyboard in Resources */,
				DC5855CE18EC8BBA00880E5B /* Austen.png in Resources */,
				DC5855DD18EC983200880E5B /* Jon.png in Resources */,
				DC96C45018ED6D6100911A97 /* Jisha.png in Resources */,
				DC58559C18EC4AE800880E5B /* Images.xcassets in Resources */,
				DC5855D518EC8BCF00880E5B /* TJ.png in Resources */,
				DC5855CC18EC8BBA00880E5B /* Heidi.png in Resources */,
			);
			runOnlyForDeploymentPostprocessing = 0;
		};
		DC58559F18EC4AE800880E5B /* Resources */ = {
			isa = PBXResourcesBuildPhase;
			buildActionMask = 2147483647;
			files = (
				DC5855AD18EC4AE800880E5B /* InfoPlist.strings in Resources */,
			);
			runOnlyForDeploymentPostprocessing = 0;
		};
/* End PBXResourcesBuildPhase section */

/* Begin PBXSourcesBuildPhase section */
		DC58558218EC4AE800880E5B /* Sources */ = {
			isa = PBXSourcesBuildPhase;
			buildActionMask = 2147483647;
			files = (
				DC0A171018EDA79800882AD0 /* TDLTableViewCell.m in Sources */,
				DC5855BA18EC4C7800880E5B /* TDLTableViewController.m in Sources */,
				DC58559618EC4AE800880E5B /* main.m in Sources */,
				DC58559A18EC4AE800880E5B /* TDLAppDelegate.m in Sources */,
			);
			runOnlyForDeploymentPostprocessing = 0;
		};
		DC58559D18EC4AE800880E5B /* Sources */ = {
			isa = PBXSourcesBuildPhase;
			buildActionMask = 2147483647;
			files = (
				DC5855AF18EC4AE800880E5B /* ToDoTests.m in Sources */,
			);
			runOnlyForDeploymentPostprocessing = 0;
		};
/* End PBXSourcesBuildPhase section */

/* Begin PBXTargetDependency section */
		DC5855A718EC4AE800880E5B /* PBXTargetDependency */ = {
			isa = PBXTargetDependency;
			target = DC58558518EC4AE800880E5B /* ToDo */;
			targetProxy = DC5855A618EC4AE800880E5B /* PBXContainerItemProxy */;
		};
/* End PBXTargetDependency section */

/* Begin PBXVariantGroup section */
		DC58559218EC4AE800880E5B /* InfoPlist.strings */ = {
			isa = PBXVariantGroup;
			children = (
				DC58559318EC4AE800880E5B /* en */,
			);
			name = InfoPlist.strings;
			sourceTree = "<group>";
		};
		DC5855AB18EC4AE800880E5B /* InfoPlist.strings */ = {
			isa = PBXVariantGroup;
			children = (
				DC5855AC18EC4AE800880E5B /* en */,
			);
			name = InfoPlist.strings;
			sourceTree = "<group>";
		};
/* End PBXVariantGroup section */

/* Begin XCBuildConfiguration section */
		DC5855B018EC4AE800880E5B /* Debug */ = {
			isa = XCBuildConfiguration;
			buildSettings = {
				ALWAYS_SEARCH_USER_PATHS = NO;
				CLANG_CXX_LANGUAGE_STANDARD = "gnu++0x";
				CLANG_CXX_LIBRARY = "libc++";
				CLANG_ENABLE_MODULES = YES;
				CLANG_ENABLE_OBJC_ARC = YES;
				CLANG_WARN_BOOL_CONVERSION = YES;
				CLANG_WARN_CONSTANT_CONVERSION = YES;
				CLANG_WARN_DIRECT_OBJC_ISA_USAGE = YES_ERROR;
				CLANG_WARN_EMPTY_BODY = YES;
				CLANG_WARN_ENUM_CONVERSION = YES;
				CLANG_WARN_INT_CONVERSION = YES;
				CLANG_WARN_OBJC_ROOT_CLASS = YES_ERROR;
				CLANG_WARN__DUPLICATE_METHOD_MATCH = YES;
				"CODE_SIGN_IDENTITY[sdk=iphoneos*]" = "iPhone Developer";
				COPY_PHASE_STRIP = NO;
				GCC_C_LANGUAGE_STANDARD = gnu99;
				GCC_DYNAMIC_NO_PIC = NO;
				GCC_OPTIMIZATION_LEVEL = 0;
				GCC_PREPROCESSOR_DEFINITIONS = (
					"DEBUG=1",
					"$(inherited)",
				);
				GCC_SYMBOLS_PRIVATE_EXTERN = NO;
				GCC_WARN_64_TO_32_BIT_CONVERSION = YES;
				GCC_WARN_ABOUT_RETURN_TYPE = YES_ERROR;
				GCC_WARN_UNDECLARED_SELECTOR = YES;
				GCC_WARN_UNINITIALIZED_AUTOS = YES_AGGRESSIVE;
				GCC_WARN_UNUSED_FUNCTION = YES;
				GCC_WARN_UNUSED_VARIABLE = YES;
				IPHONEOS_DEPLOYMENT_TARGET = 7.1;
				ONLY_ACTIVE_ARCH = YES;
				SDKROOT = iphoneos;
			};
			name = Debug;
		};
		DC5855B118EC4AE800880E5B /* Release */ = {
			isa = XCBuildConfiguration;
			buildSettings = {
				ALWAYS_SEARCH_USER_PATHS = NO;
				CLANG_CXX_LANGUAGE_STANDARD = "gnu++0x";
				CLANG_CXX_LIBRARY = "libc++";
				CLANG_ENABLE_MODULES = YES;
				CLANG_ENABLE_OBJC_ARC = YES;
				CLANG_WARN_BOOL_CONVERSION = YES;
				CLANG_WARN_CONSTANT_CONVERSION = YES;
				CLANG_WARN_DIRECT_OBJC_ISA_USAGE = YES_ERROR;
				CLANG_WARN_EMPTY_BODY = YES;
				CLANG_WARN_ENUM_CONVERSION = YES;
				CLANG_WARN_INT_CONVERSION = YES;
				CLANG_WARN_OBJC_ROOT_CLASS = YES_ERROR;
				CLANG_WARN__DUPLICATE_METHOD_MATCH = YES;
				"CODE_SIGN_IDENTITY[sdk=iphoneos*]" = "iPhone Developer";
				COPY_PHASE_STRIP = YES;
				ENABLE_NS_ASSERTIONS = NO;
				GCC_C_LANGUAGE_STANDARD = gnu99;
				GCC_WARN_64_TO_32_BIT_CONVERSION = YES;
				GCC_WARN_ABOUT_RETURN_TYPE = YES_ERROR;
				GCC_WARN_UNDECLARED_SELECTOR = YES;
				GCC_WARN_UNINITIALIZED_AUTOS = YES_AGGRESSIVE;
				GCC_WARN_UNUSED_FUNCTION = YES;
				GCC_WARN_UNUSED_VARIABLE = YES;
				IPHONEOS_DEPLOYMENT_TARGET = 7.1;
				SDKROOT = iphoneos;
				VALIDATE_PRODUCT = YES;
			};
			name = Release;
		};
		DC5855B318EC4AE800880E5B /* Debug */ = {
			isa = XCBuildConfiguration;
			buildSettings = {
				ASSETCATALOG_COMPILER_APPICON_NAME = AppIcon;
				ASSETCATALOG_COMPILER_LAUNCHIMAGE_NAME = LaunchImage;
				GCC_PRECOMPILE_PREFIX_HEADER = YES;
				GCC_PREFIX_HEADER = "ToDo/ToDo-Prefix.pch";
				INFOPLIST_FILE = "ToDo/ToDo-Info.plist";
				PRODUCT_NAME = "$(TARGET_NAME)";
				WRAPPER_EXTENSION = app;
			};
			name = Debug;
		};
		DC5855B418EC4AE800880E5B /* Release */ = {
			isa = XCBuildConfiguration;
			buildSettings = {
				ASSETCATALOG_COMPILER_APPICON_NAME = AppIcon;
				ASSETCATALOG_COMPILER_LAUNCHIMAGE_NAME = LaunchImage;
				GCC_PRECOMPILE_PREFIX_HEADER = YES;
				GCC_PREFIX_HEADER = "ToDo/ToDo-Prefix.pch";
				INFOPLIST_FILE = "ToDo/ToDo-Info.plist";
				PRODUCT_NAME = "$(TARGET_NAME)";
				WRAPPER_EXTENSION = app;
			};
			name = Release;
		};
		DC5855B618EC4AE800880E5B /* Debug */ = {
			isa = XCBuildConfiguration;
			buildSettings = {
				BUNDLE_LOADER = "$(BUILT_PRODUCTS_DIR)/ToDo.app/ToDo";
				FRAMEWORK_SEARCH_PATHS = (
					"$(SDKROOT)/Developer/Library/Frameworks",
					"$(inherited)",
					"$(DEVELOPER_FRAMEWORKS_DIR)",
				);
				GCC_PRECOMPILE_PREFIX_HEADER = YES;
				GCC_PREFIX_HEADER = "ToDo/ToDo-Prefix.pch";
				GCC_PREPROCESSOR_DEFINITIONS = (
					"DEBUG=1",
					"$(inherited)",
				);
				INFOPLIST_FILE = "ToDoTests/ToDoTests-Info.plist";
				PRODUCT_NAME = "$(TARGET_NAME)";
				TEST_HOST = "$(BUNDLE_LOADER)";
				WRAPPER_EXTENSION = xctest;
			};
			name = Debug;
		};
		DC5855B718EC4AE800880E5B /* Release */ = {
			isa = XCBuildConfiguration;
			buildSettings = {
				BUNDLE_LOADER = "$(BUILT_PRODUCTS_DIR)/ToDo.app/ToDo";
				FRAMEWORK_SEARCH_PATHS = (
					"$(SDKROOT)/Developer/Library/Frameworks",
					"$(inherited)",
					"$(DEVELOPER_FRAMEWORKS_DIR)",
				);
				GCC_PRECOMPILE_PREFIX_HEADER = YES;
				GCC_PREFIX_HEADER = "ToDo/ToDo-Prefix.pch";
				INFOPLIST_FILE = "ToDoTests/ToDoTests-Info.plist";
				PRODUCT_NAME = "$(TARGET_NAME)";
				TEST_HOST = "$(BUNDLE_LOADER)";
				WRAPPER_EXTENSION = xctest;
			};
			name = Release;
		};
/* End XCBuildConfiguration section */

/* Begin XCConfigurationList section */
		DC58558118EC4AE800880E5B /* Build configuration list for PBXProject "ToDo" */ = {
			isa = XCConfigurationList;
			buildConfigurations = (
				DC5855B018EC4AE800880E5B /* Debug */,
				DC5855B118EC4AE800880E5B /* Release */,
			);
			defaultConfigurationIsVisible = 0;
			defaultConfigurationName = Release;
		};
		DC5855B218EC4AE800880E5B /* Build configuration list for PBXNativeTarget "ToDo" */ = {
			isa = XCConfigurationList;
			buildConfigurations = (
				DC5855B318EC4AE800880E5B /* Debug */,
				DC5855B418EC4AE800880E5B /* Release */,
			);
			defaultConfigurationIsVisible = 0;
			defaultConfigurationName = Release;
		};
		DC5855B518EC4AE800880E5B /* Build configuration list for PBXNativeTarget "ToDoTests" */ = {
			isa = XCConfigurationList;
			buildConfigurations = (
				DC5855B618EC4AE800880E5B /* Debug */,
				DC5855B718EC4AE800880E5B /* Release */,
			);
			defaultConfigurationIsVisible = 0;
			defaultConfigurationName = Release;
		};
/* End XCConfigurationList section */
	};
	rootObject = DC58557E18EC4AE800880E5B /* Project object */;
}
