// !$*UTF8*$!
{
	archiveVersion = 1;
	classes = {
	};
	objectVersion = 46;
	objects = {

/* Begin PBXBuildFile section */
		DC5A02BD18EAF6CB00F46F26 /* Foundation.framework in Frameworks */ = {isa = PBXBuildFile; fileRef = DC5A02BC18EAF6CB00F46F26 /* Foundation.framework */; };
		DC5A02BF18EAF6CB00F46F26 /* CoreGraphics.framework in Frameworks */ = {isa = PBXBuildFile; fileRef = DC5A02BE18EAF6CB00F46F26 /* CoreGraphics.framework */; };
		DC5A02C118EAF6CB00F46F26 /* UIKit.framework in Frameworks */ = {isa = PBXBuildFile; fileRef = DC5A02C018EAF6CB00F46F26 /* UIKit.framework */; };
		DC5A02C718EAF6CB00F46F26 /* InfoPlist.strings in Resources */ = {isa = PBXBuildFile; fileRef = DC5A02C518EAF6CB00F46F26 /* InfoPlist.strings */; };
		DC5A02C918EAF6CB00F46F26 /* main.m in Sources */ = {isa = PBXBuildFile; fileRef = DC5A02C818EAF6CB00F46F26 /* main.m */; };
		DC5A02CD18EAF6CB00F46F26 /* AppDelegate.m in Sources */ = {isa = PBXBuildFile; fileRef = DC5A02CC18EAF6CB00F46F26 /* AppDelegate.m */; };
		DC5A02CF18EAF6CB00F46F26 /* Images.xcassets in Resources */ = {isa = PBXBuildFile; fileRef = DC5A02CE18EAF6CB00F46F26 /* Images.xcassets */; };
		DC5A02D618EAF6CB00F46F26 /* XCTest.framework in Frameworks */ = {isa = PBXBuildFile; fileRef = DC5A02D518EAF6CB00F46F26 /* XCTest.framework */; };
		DC5A02D718EAF6CB00F46F26 /* Foundation.framework in Frameworks */ = {isa = PBXBuildFile; fileRef = DC5A02BC18EAF6CB00F46F26 /* Foundation.framework */; };
		DC5A02D818EAF6CB00F46F26 /* UIKit.framework in Frameworks */ = {isa = PBXBuildFile; fileRef = DC5A02C018EAF6CB00F46F26 /* UIKit.framework */; };
		DC5A02E018EAF6CB00F46F26 /* InfoPlist.strings in Resources */ = {isa = PBXBuildFile; fileRef = DC5A02DE18EAF6CB00F46F26 /* InfoPlist.strings */; };
		DC5A02E218EAF6CB00F46F26 /* class_appTests.m in Sources */ = {isa = PBXBuildFile; fileRef = DC5A02E118EAF6CB00F46F26 /* class_appTests.m */; };
		DC5A02ED18EAF93100F46F26 /* TTTRootViewController.m in Sources */ = {isa = PBXBuildFile; fileRef = DC5A02EC18EAF93100F46F26 /* TTTRootViewController.m */; };
		DC5A02F018EB0C6000F46F26 /* UIView1.m in Sources */ = {isa = PBXBuildFile; fileRef = DC5A02EF18EB0C6000F46F26 /* UIView1.m */; };
/* End PBXBuildFile section */

/* Begin PBXContainerItemProxy section */
		DC5A02D918EAF6CB00F46F26 /* PBXContainerItemProxy */ = {
			isa = PBXContainerItemProxy;
			containerPortal = DC5A02B118EAF6CB00F46F26 /* Project object */;
			proxyType = 1;
			remoteGlobalIDString = DC5A02B818EAF6CB00F46F26;
			remoteInfo = "class app";
		};
/* End PBXContainerItemProxy section */

/* Begin PBXFileReference section */
		DC5A02B918EAF6CB00F46F26 /* class app.app */ = {isa = PBXFileReference; explicitFileType = wrapper.application; includeInIndex = 0; path = "class app.app"; sourceTree = BUILT_PRODUCTS_DIR; };
		DC5A02BC18EAF6CB00F46F26 /* Foundation.framework */ = {isa = PBXFileReference; lastKnownFileType = wrapper.framework; name = Foundation.framework; path = System/Library/Frameworks/Foundation.framework; sourceTree = SDKROOT; };
		DC5A02BE18EAF6CB00F46F26 /* CoreGraphics.framework */ = {isa = PBXFileReference; lastKnownFileType = wrapper.framework; name = CoreGraphics.framework; path = System/Library/Frameworks/CoreGraphics.framework; sourceTree = SDKROOT; };
		DC5A02C018EAF6CB00F46F26 /* UIKit.framework */ = {isa = PBXFileReference; lastKnownFileType = wrapper.framework; name = UIKit.framework; path = System/Library/Frameworks/UIKit.framework; sourceTree = SDKROOT; };
		DC5A02C418EAF6CB00F46F26 /* class app-Info.plist */ = {isa = PBXFileReference; lastKnownFileType = text.plist.xml; path = "class app-Info.plist"; sourceTree = "<group>"; };
		DC5A02C618EAF6CB00F46F26 /* en */ = {isa = PBXFileReference; lastKnownFileType = text.plist.strings; name = en; path = en.lproj/InfoPlist.strings; sourceTree = "<group>"; };
		DC5A02C818EAF6CB00F46F26 /* main.m */ = {isa = PBXFileReference; lastKnownFileType = sourcecode.c.objc; path = main.m; sourceTree = "<group>"; };
		DC5A02CA18EAF6CB00F46F26 /* class app-Prefix.pch */ = {isa = PBXFileReference; lastKnownFileType = sourcecode.c.h; path = "class app-Prefix.pch"; sourceTree = "<group>"; };
		DC5A02CB18EAF6CB00F46F26 /* AppDelegate.h */ = {isa = PBXFileReference; lastKnownFileType = sourcecode.c.h; path = AppDelegate.h; sourceTree = "<group>"; };
		DC5A02CC18EAF6CB00F46F26 /* AppDelegate.m */ = {isa = PBXFileReference; lastKnownFileType = sourcecode.c.objc; path = AppDelegate.m; sourceTree = "<group>"; };
		DC5A02CE18EAF6CB00F46F26 /* Images.xcassets */ = {isa = PBXFileReference; lastKnownFileType = folder.assetcatalog; path = Images.xcassets; sourceTree = "<group>"; };
		DC5A02D418EAF6CB00F46F26 /* class appTests.xctest */ = {isa = PBXFileReference; explicitFileType = wrapper.cfbundle; includeInIndex = 0; path = "class appTests.xctest"; sourceTree = BUILT_PRODUCTS_DIR; };
		DC5A02D518EAF6CB00F46F26 /* XCTest.framework */ = {isa = PBXFileReference; lastKnownFileType = wrapper.framework; name = XCTest.framework; path = Library/Frameworks/XCTest.framework; sourceTree = DEVELOPER_DIR; };
		DC5A02DD18EAF6CB00F46F26 /* class appTests-Info.plist */ = {isa = PBXFileReference; lastKnownFileType = text.plist.xml; path = "class appTests-Info.plist"; sourceTree = "<group>"; };
		DC5A02DF18EAF6CB00F46F26 /* en */ = {isa = PBXFileReference; lastKnownFileType = text.plist.strings; name = en; path = en.lproj/InfoPlist.strings; sourceTree = "<group>"; };
		DC5A02E118EAF6CB00F46F26 /* class_appTests.m */ = {isa = PBXFileReference; lastKnownFileType = sourcecode.c.objc; path = class_appTests.m; sourceTree = "<group>"; };
		DC5A02EB18EAF93100F46F26 /* TTTRootViewController.h */ = {isa = PBXFileReference; fileEncoding = 4; lastKnownFileType = sourcecode.c.h; path = TTTRootViewController.h; sourceTree = "<group>"; };
		DC5A02EC18EAF93100F46F26 /* TTTRootViewController.m */ = {isa = PBXFileReference; fileEncoding = 4; lastKnownFileType = sourcecode.c.objc; path = TTTRootViewController.m; sourceTree = "<group>"; };
		DC5A02EE18EB0C6000F46F26 /* UIView1.h */ = {isa = PBXFileReference; fileEncoding = 4; lastKnownFileType = sourcecode.c.h; path = UIView1.h; sourceTree = "<group>"; };
		DC5A02EF18EB0C6000F46F26 /* UIView1.m */ = {isa = PBXFileReference; fileEncoding = 4; lastKnownFileType = sourcecode.c.objc; path = UIView1.m; sourceTree = "<group>"; };
/* End PBXFileReference section */

/* Begin PBXFrameworksBuildPhase section */
		DC5A02B618EAF6CB00F46F26 /* Frameworks */ = {
			isa = PBXFrameworksBuildPhase;
			buildActionMask = 2147483647;
			files = (
				DC5A02BF18EAF6CB00F46F26 /* CoreGraphics.framework in Frameworks */,
				DC5A02C118EAF6CB00F46F26 /* UIKit.framework in Frameworks */,
				DC5A02BD18EAF6CB00F46F26 /* Foundation.framework in Frameworks */,
			);
			runOnlyForDeploymentPostprocessing = 0;
		};
		DC5A02D118EAF6CB00F46F26 /* Frameworks */ = {
			isa = PBXFrameworksBuildPhase;
			buildActionMask = 2147483647;
			files = (
				DC5A02D618EAF6CB00F46F26 /* XCTest.framework in Frameworks */,
				DC5A02D818EAF6CB00F46F26 /* UIKit.framework in Frameworks */,
				DC5A02D718EAF6CB00F46F26 /* Foundation.framework in Frameworks */,
			);
			runOnlyForDeploymentPostprocessing = 0;
		};
/* End PBXFrameworksBuildPhase section */

/* Begin PBXGroup section */
		DC5A02B018EAF6CB00F46F26 = {
			isa = PBXGroup;
			children = (
				DC5A02C218EAF6CB00F46F26 /* class app */,
				DC5A02DB18EAF6CB00F46F26 /* class appTests */,
				DC5A02BB18EAF6CB00F46F26 /* Frameworks */,
				DC5A02BA18EAF6CB00F46F26 /* Products */,
			);
			sourceTree = "<group>";
		};
		DC5A02BA18EAF6CB00F46F26 /* Products */ = {
			isa = PBXGroup;
			children = (
				DC5A02B918EAF6CB00F46F26 /* class app.app */,
				DC5A02D418EAF6CB00F46F26 /* class appTests.xctest */,
			);
			name = Products;
			sourceTree = "<group>";
		};
		DC5A02BB18EAF6CB00F46F26 /* Frameworks */ = {
			isa = PBXGroup;
			children = (
				DC5A02BC18EAF6CB00F46F26 /* Foundation.framework */,
				DC5A02BE18EAF6CB00F46F26 /* CoreGraphics.framework */,
				DC5A02C018EAF6CB00F46F26 /* UIKit.framework */,
				DC5A02D518EAF6CB00F46F26 /* XCTest.framework */,
			);
			name = Frameworks;
			sourceTree = "<group>";
		};
		DC5A02C218EAF6CB00F46F26 /* class app */ = {
			isa = PBXGroup;
			children = (
				DC5A02CB18EAF6CB00F46F26 /* AppDelegate.h */,
				DC5A02CC18EAF6CB00F46F26 /* AppDelegate.m */,
				DC5A02CE18EAF6CB00F46F26 /* Images.xcassets */,
				DC5A02C318EAF6CB00F46F26 /* Supporting Files */,
				DC5A02EB18EAF93100F46F26 /* TTTRootViewController.h */,
				DC5A02EC18EAF93100F46F26 /* TTTRootViewController.m */,
				DC5A02EE18EB0C6000F46F26 /* UIView1.h */,
				DC5A02EF18EB0C6000F46F26 /* UIView1.m */,
			);
			path = "class app";
			sourceTree = "<group>";
		};
		DC5A02C318EAF6CB00F46F26 /* Supporting Files */ = {
			isa = PBXGroup;
			children = (
				DC5A02C418EAF6CB00F46F26 /* class app-Info.plist */,
				DC5A02C518EAF6CB00F46F26 /* InfoPlist.strings */,
				DC5A02C818EAF6CB00F46F26 /* main.m */,
				DC5A02CA18EAF6CB00F46F26 /* class app-Prefix.pch */,
			);
			name = "Supporting Files";
			sourceTree = "<group>";
		};
		DC5A02DB18EAF6CB00F46F26 /* class appTests */ = {
			isa = PBXGroup;
			children = (
				DC5A02E118EAF6CB00F46F26 /* class_appTests.m */,
				DC5A02DC18EAF6CB00F46F26 /* Supporting Files */,
			);
			path = "class appTests";
			sourceTree = "<group>";
		};
		DC5A02DC18EAF6CB00F46F26 /* Supporting Files */ = {
			isa = PBXGroup;
			children = (
				DC5A02DD18EAF6CB00F46F26 /* class appTests-Info.plist */,
				DC5A02DE18EAF6CB00F46F26 /* InfoPlist.strings */,
			);
			name = "Supporting Files";
			sourceTree = "<group>";
		};
/* End PBXGroup section */

/* Begin PBXNativeTarget section */
		DC5A02B818EAF6CB00F46F26 /* class app */ = {
			isa = PBXNativeTarget;
			buildConfigurationList = DC5A02E518EAF6CB00F46F26 /* Build configuration list for PBXNativeTarget "class app" */;
			buildPhases = (
				DC5A02B518EAF6CB00F46F26 /* Sources */,
				DC5A02B618EAF6CB00F46F26 /* Frameworks */,
				DC5A02B718EAF6CB00F46F26 /* Resources */,
			);
			buildRules = (
			);
			dependencies = (
			);
			name = "class app";
			productName = "class app";
			productReference = DC5A02B918EAF6CB00F46F26 /* class app.app */;
			productType = "com.apple.product-type.application";
		};
		DC5A02D318EAF6CB00F46F26 /* class appTests */ = {
			isa = PBXNativeTarget;
			buildConfigurationList = DC5A02E818EAF6CB00F46F26 /* Build configuration list for PBXNativeTarget "class appTests" */;
			buildPhases = (
				DC5A02D018EAF6CB00F46F26 /* Sources */,
				DC5A02D118EAF6CB00F46F26 /* Frameworks */,
				DC5A02D218EAF6CB00F46F26 /* Resources */,
			);
			buildRules = (
			);
			dependencies = (
				DC5A02DA18EAF6CB00F46F26 /* PBXTargetDependency */,
			);
			name = "class appTests";
			productName = "class appTests";
			productReference = DC5A02D418EAF6CB00F46F26 /* class appTests.xctest */;
			productType = "com.apple.product-type.bundle.unit-test";
		};
/* End PBXNativeTarget section */

/* Begin PBXProject section */
		DC5A02B118EAF6CB00F46F26 /* Project object */ = {
			isa = PBXProject;
			attributes = {
				LastUpgradeCheck = 0510;
				ORGANIZATIONNAME = "Media Mongoose";
				TargetAttributes = {
					DC5A02D318EAF6CB00F46F26 = {
						TestTargetID = DC5A02B818EAF6CB00F46F26;
					};
				};
			};
			buildConfigurationList = DC5A02B418EAF6CB00F46F26 /* Build configuration list for PBXProject "class app" */;
			compatibilityVersion = "Xcode 3.2";
			developmentRegion = English;
			hasScannedForEncodings = 0;
			knownRegions = (
				en,
			);
			mainGroup = DC5A02B018EAF6CB00F46F26;
			productRefGroup = DC5A02BA18EAF6CB00F46F26 /* Products */;
			projectDirPath = "";
			projectRoot = "";
			targets = (
				DC5A02B818EAF6CB00F46F26 /* class app */,
				DC5A02D318EAF6CB00F46F26 /* class appTests */,
			);
		};
/* End PBXProject section */

/* Begin PBXResourcesBuildPhase section */
		DC5A02B718EAF6CB00F46F26 /* Resources */ = {
			isa = PBXResourcesBuildPhase;
			buildActionMask = 2147483647;
			files = (
				DC5A02C718EAF6CB00F46F26 /* InfoPlist.strings in Resources */,
				DC5A02CF18EAF6CB00F46F26 /* Images.xcassets in Resources */,
			);
			runOnlyForDeploymentPostprocessing = 0;
		};
		DC5A02D218EAF6CB00F46F26 /* Resources */ = {
			isa = PBXResourcesBuildPhase;
			buildActionMask = 2147483647;
			files = (
				DC5A02E018EAF6CB00F46F26 /* InfoPlist.strings in Resources */,
			);
			runOnlyForDeploymentPostprocessing = 0;
		};
/* End PBXResourcesBuildPhase section */

/* Begin PBXSourcesBuildPhase section */
		DC5A02B518EAF6CB00F46F26 /* Sources */ = {
			isa = PBXSourcesBuildPhase;
			buildActionMask = 2147483647;
			files = (
				DC5A02CD18EAF6CB00F46F26 /* AppDelegate.m in Sources */,
				DC5A02ED18EAF93100F46F26 /* TTTRootViewController.m in Sources */,
				DC5A02F018EB0C6000F46F26 /* UIView1.m in Sources */,
				DC5A02C918EAF6CB00F46F26 /* main.m in Sources */,
			);
			runOnlyForDeploymentPostprocessing = 0;
		};
		DC5A02D018EAF6CB00F46F26 /* Sources */ = {
			isa = PBXSourcesBuildPhase;
			buildActionMask = 2147483647;
			files = (
				DC5A02E218EAF6CB00F46F26 /* class_appTests.m in Sources */,
			);
			runOnlyForDeploymentPostprocessing = 0;
		};
/* End PBXSourcesBuildPhase section */

/* Begin PBXTargetDependency section */
		DC5A02DA18EAF6CB00F46F26 /* PBXTargetDependency */ = {
			isa = PBXTargetDependency;
			target = DC5A02B818EAF6CB00F46F26 /* class app */;
			targetProxy = DC5A02D918EAF6CB00F46F26 /* PBXContainerItemProxy */;
		};
/* End PBXTargetDependency section */

/* Begin PBXVariantGroup section */
		DC5A02C518EAF6CB00F46F26 /* InfoPlist.strings */ = {
			isa = PBXVariantGroup;
			children = (
				DC5A02C618EAF6CB00F46F26 /* en */,
			);
			name = InfoPlist.strings;
			sourceTree = "<group>";
		};
		DC5A02DE18EAF6CB00F46F26 /* InfoPlist.strings */ = {
			isa = PBXVariantGroup;
			children = (
				DC5A02DF18EAF6CB00F46F26 /* en */,
			);
			name = InfoPlist.strings;
			sourceTree = "<group>";
		};
/* End PBXVariantGroup section */

/* Begin XCBuildConfiguration section */
		DC5A02E318EAF6CB00F46F26 /* Debug */ = {
			isa = XCBuildConfiguration;
			buildSettings = {
				ALWAYS_SEARCH_USER_PATHS = NO;
				CLANG_CXX_LANGUAGE_STANDARD = "gnu++0x";
				CLANG_CXX_LIBRARY = "libc++";
				CLANG_ENABLE_MODULES = YES;
				CLANG_ENABLE_OBJC_ARC = YES;
				CLANG_WARN_BOOL_CONVERSION = YES;
				CLANG_WARN_CONSTANT_CONVERSION = YES;
				CLANG_WARN_DIRECT_OBJC_ISA_USAGE = YES_ERROR;
				CLANG_WARN_EMPTY_BODY = YES;
				CLANG_WARN_ENUM_CONVERSION = YES;
				CLANG_WARN_INT_CONVERSION = YES;
				CLANG_WARN_OBJC_ROOT_CLASS = YES_ERROR;
				CLANG_WARN__DUPLICATE_METHOD_MATCH = YES;
				"CODE_SIGN_IDENTITY[sdk=iphoneos*]" = "iPhone Developer";
				COPY_PHASE_STRIP = NO;
				GCC_C_LANGUAGE_STANDARD = gnu99;
				GCC_DYNAMIC_NO_PIC = NO;
				GCC_OPTIMIZATION_LEVEL = 0;
				GCC_PREPROCESSOR_DEFINITIONS = (
					"DEBUG=1",
					"$(inherited)",
				);
				GCC_SYMBOLS_PRIVATE_EXTERN = NO;
				GCC_WARN_64_TO_32_BIT_CONVERSION = YES;
				GCC_WARN_ABOUT_RETURN_TYPE = YES_ERROR;
				GCC_WARN_UNDECLARED_SELECTOR = YES;
				GCC_WARN_UNINITIALIZED_AUTOS = YES_AGGRESSIVE;
				GCC_WARN_UNUSED_FUNCTION = YES;
				GCC_WARN_UNUSED_VARIABLE = YES;
				IPHONEOS_DEPLOYMENT_TARGET = 7.1;
				ONLY_ACTIVE_ARCH = YES;
				SDKROOT = iphoneos;
			};
			name = Debug;
		};
		DC5A02E418EAF6CB00F46F26 /* Release */ = {
			isa = XCBuildConfiguration;
			buildSettings = {
				ALWAYS_SEARCH_USER_PATHS = NO;
				CLANG_CXX_LANGUAGE_STANDARD = "gnu++0x";
				CLANG_CXX_LIBRARY = "libc++";
				CLANG_ENABLE_MODULES = YES;
				CLANG_ENABLE_OBJC_ARC = YES;
				CLANG_WARN_BOOL_CONVERSION = YES;
				CLANG_WARN_CONSTANT_CONVERSION = YES;
				CLANG_WARN_DIRECT_OBJC_ISA_USAGE = YES_ERROR;
				CLANG_WARN_EMPTY_BODY = YES;
				CLANG_WARN_ENUM_CONVERSION = YES;
				CLANG_WARN_INT_CONVERSION = YES;
				CLANG_WARN_OBJC_ROOT_CLASS = YES_ERROR;
				CLANG_WARN__DUPLICATE_METHOD_MATCH = YES;
				"CODE_SIGN_IDENTITY[sdk=iphoneos*]" = "iPhone Developer";
				COPY_PHASE_STRIP = YES;
				ENABLE_NS_ASSERTIONS = NO;
				GCC_C_LANGUAGE_STANDARD = gnu99;
				GCC_WARN_64_TO_32_BIT_CONVERSION = YES;
				GCC_WARN_ABOUT_RETURN_TYPE = YES_ERROR;
				GCC_WARN_UNDECLARED_SELECTOR = YES;
				GCC_WARN_UNINITIALIZED_AUTOS = YES_AGGRESSIVE;
				GCC_WARN_UNUSED_FUNCTION = YES;
				GCC_WARN_UNUSED_VARIABLE = YES;
				IPHONEOS_DEPLOYMENT_TARGET = 7.1;
				SDKROOT = iphoneos;
				VALIDATE_PRODUCT = YES;
			};
			name = Release;
		};
		DC5A02E618EAF6CB00F46F26 /* Debug */ = {
			isa = XCBuildConfiguration;
			buildSettings = {
				ASSETCATALOG_COMPILER_APPICON_NAME = AppIcon;
				ASSETCATALOG_COMPILER_LAUNCHIMAGE_NAME = LaunchImage;
				GCC_PRECOMPILE_PREFIX_HEADER = YES;
				GCC_PREFIX_HEADER = "class app/class app-Prefix.pch";
				INFOPLIST_FILE = "class app/class app-Info.plist";
				PRODUCT_NAME = "$(TARGET_NAME)";
				WRAPPER_EXTENSION = app;
			};
			name = Debug;
		};
		DC5A02E718EAF6CB00F46F26 /* Release */ = {
			isa = XCBuildConfiguration;
			buildSettings = {
				ASSETCATALOG_COMPILER_APPICON_NAME = AppIcon;
				ASSETCATALOG_COMPILER_LAUNCHIMAGE_NAME = LaunchImage;
				GCC_PRECOMPILE_PREFIX_HEADER = YES;
				GCC_PREFIX_HEADER = "class app/class app-Prefix.pch";
				INFOPLIST_FILE = "class app/class app-Info.plist";
				PRODUCT_NAME = "$(TARGET_NAME)";
				WRAPPER_EXTENSION = app;
			};
			name = Release;
		};
		DC5A02E918EAF6CB00F46F26 /* Debug */ = {
			isa = XCBuildConfiguration;
			buildSettings = {
				BUNDLE_LOADER = "$(BUILT_PRODUCTS_DIR)/class app.app/class app";
				FRAMEWORK_SEARCH_PATHS = (
					"$(SDKROOT)/Developer/Library/Frameworks",
					"$(inherited)",
					"$(DEVELOPER_FRAMEWORKS_DIR)",
				);
				GCC_PRECOMPILE_PREFIX_HEADER = YES;
				GCC_PREFIX_HEADER = "class app/class app-Prefix.pch";
				GCC_PREPROCESSOR_DEFINITIONS = (
					"DEBUG=1",
					"$(inherited)",
				);
				INFOPLIST_FILE = "class appTests/class appTests-Info.plist";
				PRODUCT_NAME = "$(TARGET_NAME)";
				TEST_HOST = "$(BUNDLE_LOADER)";
				WRAPPER_EXTENSION = xctest;
			};
			name = Debug;
		};
		DC5A02EA18EAF6CB00F46F26 /* Release */ = {
			isa = XCBuildConfiguration;
			buildSettings = {
				BUNDLE_LOADER = "$(BUILT_PRODUCTS_DIR)/class app.app/class app";
				FRAMEWORK_SEARCH_PATHS = (
					"$(SDKROOT)/Developer/Library/Frameworks",
					"$(inherited)",
					"$(DEVELOPER_FRAMEWORKS_DIR)",
				);
				GCC_PRECOMPILE_PREFIX_HEADER = YES;
				GCC_PREFIX_HEADER = "class app/class app-Prefix.pch";
				INFOPLIST_FILE = "class appTests/class appTests-Info.plist";
				PRODUCT_NAME = "$(TARGET_NAME)";
				TEST_HOST = "$(BUNDLE_LOADER)";
				WRAPPER_EXTENSION = xctest;
			};
			name = Release;
		};
/* End XCBuildConfiguration section */

/* Begin XCConfigurationList section */
		DC5A02B418EAF6CB00F46F26 /* Build configuration list for PBXProject "class app" */ = {
			isa = XCConfigurationList;
			buildConfigurations = (
				DC5A02E318EAF6CB00F46F26 /* Debug */,
				DC5A02E418EAF6CB00F46F26 /* Release */,
			);
			defaultConfigurationIsVisible = 0;
			defaultConfigurationName = Release;
		};
		DC5A02E518EAF6CB00F46F26 /* Build configuration list for PBXNativeTarget "class app" */ = {
			isa = XCConfigurationList;
			buildConfigurations = (
				DC5A02E618EAF6CB00F46F26 /* Debug */,
				DC5A02E718EAF6CB00F46F26 /* Release */,
			);
			defaultConfigurationIsVisible = 0;
		};
		DC5A02E818EAF6CB00F46F26 /* Build configuration list for PBXNativeTarget "class appTests" */ = {
			isa = XCConfigurationList;
			buildConfigurations = (
				DC5A02E918EAF6CB00F46F26 /* Debug */,
				DC5A02EA18EAF6CB00F46F26 /* Release */,
			);
			defaultConfigurationIsVisible = 0;
		};
/* End XCConfigurationList section */
	};
	rootObject = DC5A02B118EAF6CB00F46F26 /* Project object */;
}
