// !$*UTF8*$!
{
	archiveVersion = 1;
	classes = {
	};
	objectVersion = 46;
	objects = {

/* Begin PBXBuildFile section */
		DC8FC94718EB320400FB2C4A /* Foundation.framework in Frameworks */ = {isa = PBXBuildFile; fileRef = DC8FC94618EB320400FB2C4A /* Foundation.framework */; };
		DC8FC94A18EB320400FB2C4A /* main.m in Sources */ = {isa = PBXBuildFile; fileRef = DC8FC94918EB320400FB2C4A /* main.m */; };
		DC8FC94E18EB320400FB2C4A /* HelloObjectiveC.1 in CopyFiles */ = {isa = PBXBuildFile; fileRef = DC8FC94D18EB320400FB2C4A /* HelloObjectiveC.1 */; };
/* End PBXBuildFile section */

/* Begin PBXCopyFilesBuildPhase section */
		DC8FC94118EB320400FB2C4A /* CopyFiles */ = {
			isa = PBXCopyFilesBuildPhase;
			buildActionMask = 2147483647;
			dstPath = /usr/share/man/man1/;
			dstSubfolderSpec = 0;
			files = (
				DC8FC94E18EB320400FB2C4A /* HelloObjectiveC.1 in CopyFiles */,
			);
			runOnlyForDeploymentPostprocessing = 1;
		};
/* End PBXCopyFilesBuildPhase section */

/* Begin PBXFileReference section */
		DC8FC94318EB320400FB2C4A /* HelloObjectiveC */ = {isa = PBXFileReference; explicitFileType = "compiled.mach-o.executable"; includeInIndex = 0; path = HelloObjectiveC; sourceTree = BUILT_PRODUCTS_DIR; };
		DC8FC94618EB320400FB2C4A /* Foundation.framework */ = {isa = PBXFileReference; lastKnownFileType = wrapper.framework; name = Foundation.framework; path = System/Library/Frameworks/Foundation.framework; sourceTree = SDKROOT; };
		DC8FC94918EB320400FB2C4A /* main.m */ = {isa = PBXFileReference; lastKnownFileType = sourcecode.c.objc; path = main.m; sourceTree = "<group>"; };
		DC8FC94C18EB320400FB2C4A /* HelloObjectiveC-Prefix.pch */ = {isa = PBXFileReference; lastKnownFileType = sourcecode.c.h; path = "HelloObjectiveC-Prefix.pch"; sourceTree = "<group>"; };
		DC8FC94D18EB320400FB2C4A /* HelloObjectiveC.1 */ = {isa = PBXFileReference; lastKnownFileType = text.man; path = HelloObjectiveC.1; sourceTree = "<group>"; };
/* End PBXFileReference section */

/* Begin PBXFrameworksBuildPhase section */
		DC8FC94018EB320400FB2C4A /* Frameworks */ = {
			isa = PBXFrameworksBuildPhase;
			buildActionMask = 2147483647;
			files = (
				DC8FC94718EB320400FB2C4A /* Foundation.framework in Frameworks */,
			);
			runOnlyForDeploymentPostprocessing = 0;
		};
/* End PBXFrameworksBuildPhase section */

/* Begin PBXGroup section */
		DC8FC93A18EB320300FB2C4A = {
			isa = PBXGroup;
			children = (
				DC8FC94818EB320400FB2C4A /* HelloObjectiveC */,
				DC8FC94518EB320400FB2C4A /* Frameworks */,
				DC8FC94418EB320400FB2C4A /* Products */,
			);
			sourceTree = "<group>";
		};
		DC8FC94418EB320400FB2C4A /* Products */ = {
			isa = PBXGroup;
			children = (
				DC8FC94318EB320400FB2C4A /* HelloObjectiveC */,
			);
			name = Products;
			sourceTree = "<group>";
		};
		DC8FC94518EB320400FB2C4A /* Frameworks */ = {
			isa = PBXGroup;
			children = (
				DC8FC94618EB320400FB2C4A /* Foundation.framework */,
			);
			name = Frameworks;
			sourceTree = "<group>";
		};
		DC8FC94818EB320400FB2C4A /* HelloObjectiveC */ = {
			isa = PBXGroup;
			children = (
				DC8FC94918EB320400FB2C4A /* main.m */,
				DC8FC94D18EB320400FB2C4A /* HelloObjectiveC.1 */,
				DC8FC94B18EB320400FB2C4A /* Supporting Files */,
			);
			path = HelloObjectiveC;
			sourceTree = "<group>";
		};
		DC8FC94B18EB320400FB2C4A /* Supporting Files */ = {
			isa = PBXGroup;
			children = (
				DC8FC94C18EB320400FB2C4A /* HelloObjectiveC-Prefix.pch */,
			);
			name = "Supporting Files";
			sourceTree = "<group>";
		};
/* End PBXGroup section */

/* Begin PBXNativeTarget section */
		DC8FC94218EB320400FB2C4A /* HelloObjectiveC */ = {
			isa = PBXNativeTarget;
			buildConfigurationList = DC8FC95118EB320400FB2C4A /* Build configuration list for PBXNativeTarget "HelloObjectiveC" */;
			buildPhases = (
				DC8FC93F18EB320400FB2C4A /* Sources */,
				DC8FC94018EB320400FB2C4A /* Frameworks */,
				DC8FC94118EB320400FB2C4A /* CopyFiles */,
			);
			buildRules = (
			);
			dependencies = (
			);
			name = HelloObjectiveC;
			productName = HelloObjectiveC;
			productReference = DC8FC94318EB320400FB2C4A /* HelloObjectiveC */;
			productType = "com.apple.product-type.tool";
		};
/* End PBXNativeTarget section */

/* Begin PBXProject section */
		DC8FC93B18EB320300FB2C4A /* Project object */ = {
			isa = PBXProject;
			attributes = {
				LastUpgradeCheck = 0510;
				ORGANIZATIONNAME = "Media Mongoose";
			};
			buildConfigurationList = DC8FC93E18EB320300FB2C4A /* Build configuration list for PBXProject "HelloObjectiveC" */;
			compatibilityVersion = "Xcode 3.2";
			developmentRegion = English;
			hasScannedForEncodings = 0;
			knownRegions = (
				en,
			);
			mainGroup = DC8FC93A18EB320300FB2C4A;
			productRefGroup = DC8FC94418EB320400FB2C4A /* Products */;
			projectDirPath = "";
			projectRoot = "";
			targets = (
				DC8FC94218EB320400FB2C4A /* HelloObjectiveC */,
			);
		};
/* End PBXProject section */

/* Begin PBXSourcesBuildPhase section */
		DC8FC93F18EB320400FB2C4A /* Sources */ = {
			isa = PBXSourcesBuildPhase;
			buildActionMask = 2147483647;
			files = (
				DC8FC94A18EB320400FB2C4A /* main.m in Sources */,
			);
			runOnlyForDeploymentPostprocessing = 0;
		};
/* End PBXSourcesBuildPhase section */

/* Begin XCBuildConfiguration section */
		DC8FC94F18EB320400FB2C4A /* Debug */ = {
			isa = XCBuildConfiguration;
			buildSettings = {
				ALWAYS_SEARCH_USER_PATHS = NO;
				CLANG_CXX_LANGUAGE_STANDARD = "gnu++0x";
				CLANG_CXX_LIBRARY = "libc++";
				CLANG_ENABLE_MODULES = YES;
				CLANG_ENABLE_OBJC_ARC = YES;
				CLANG_WARN_BOOL_CONVERSION = YES;
				CLANG_WARN_CONSTANT_CONVERSION = YES;
				CLANG_WARN_DIRECT_OBJC_ISA_USAGE = YES_ERROR;
				CLANG_WARN_EMPTY_BODY = YES;
				CLANG_WARN_ENUM_CONVERSION = YES;
				CLANG_WARN_INT_CONVERSION = YES;
				CLANG_WARN_OBJC_ROOT_CLASS = YES_ERROR;
				CLANG_WARN__DUPLICATE_METHOD_MATCH = YES;
				COPY_PHASE_STRIP = NO;
				GCC_C_LANGUAGE_STANDARD = gnu99;
				GCC_DYNAMIC_NO_PIC = NO;
				GCC_ENABLE_OBJC_EXCEPTIONS = YES;
				GCC_OPTIMIZATION_LEVEL = 0;
				GCC_PREPROCESSOR_DEFINITIONS = (
					"DEBUG=1",
					"$(inherited)",
				);
				GCC_SYMBOLS_PRIVATE_EXTERN = NO;
				GCC_WARN_64_TO_32_BIT_CONVERSION = YES;
				GCC_WARN_ABOUT_RETURN_TYPE = YES_ERROR;
				GCC_WARN_UNDECLARED_SELECTOR = YES;
				GCC_WARN_UNINITIALIZED_AUTOS = YES_AGGRESSIVE;
				GCC_WARN_UNUSED_FUNCTION = YES;
				GCC_WARN_UNUSED_VARIABLE = YES;
				MACOSX_DEPLOYMENT_TARGET = 10.9;
				ONLY_ACTIVE_ARCH = YES;
				SDKROOT = macosx;
			};
			name = Debug;
		};
		DC8FC95018EB320400FB2C4A /* Release */ = {
			isa = XCBuildConfiguration;
			buildSettings = {
				ALWAYS_SEARCH_USER_PATHS = NO;
				CLANG_CXX_LANGUAGE_STANDARD = "gnu++0x";
				CLANG_CXX_LIBRARY = "libc++";
				CLANG_ENABLE_MODULES = YES;
				CLANG_ENABLE_OBJC_ARC = YES;
				CLANG_WARN_BOOL_CONVERSION = YES;
				CLANG_WARN_CONSTANT_CONVERSION = YES;
				CLANG_WARN_DIRECT_OBJC_ISA_USAGE = YES_ERROR;
				CLANG_WARN_EMPTY_BODY = YES;
				CLANG_WARN_ENUM_CONVERSION = YES;
				CLANG_WARN_INT_CONVERSION = YES;
				CLANG_WARN_OBJC_ROOT_CLASS = YES_ERROR;
				CLANG_WARN__DUPLICATE_METHOD_MATCH = YES;
				COPY_PHASE_STRIP = YES;
				DEBUG_INFORMATION_FORMAT = "dwarf-with-dsym";
				ENABLE_NS_ASSERTIONS = NO;
				GCC_C_LANGUAGE_STANDARD = gnu99;
				GCC_ENABLE_OBJC_EXCEPTIONS = YES;
				GCC_WARN_64_TO_32_BIT_CONVERSION = YES;
				GCC_WARN_ABOUT_RETURN_TYPE = YES_ERROR;
				GCC_WARN_UNDECLARED_SELECTOR = YES;
				GCC_WARN_UNINITIALIZED_AUTOS = YES_AGGRESSIVE;
				GCC_WARN_UNUSED_FUNCTION = YES;
				GCC_WARN_UNUSED_VARIABLE = YES;
				MACOSX_DEPLOYMENT_TARGET = 10.9;
				SDKROOT = macosx;
			};
			name = Release;
		};
		DC8FC95218EB320400FB2C4A /* Debug */ = {
			isa = XCBuildConfiguration;
			buildSettings = {
				GCC_PRECOMPILE_PREFIX_HEADER = YES;
				GCC_PREFIX_HEADER = "HelloObjectiveC/HelloObjectiveC-Prefix.pch";
				PRODUCT_NAME = "$(TARGET_NAME)";
			};
			name = Debug;
		};
		DC8FC95318EB320400FB2C4A /* Release */ = {
			isa = XCBuildConfiguration;
			buildSettings = {
				GCC_PRECOMPILE_PREFIX_HEADER = YES;
				GCC_PREFIX_HEADER = "HelloObjectiveC/HelloObjectiveC-Prefix.pch";
				PRODUCT_NAME = "$(TARGET_NAME)";
			};
			name = Release;
		};
/* End XCBuildConfiguration section */

/* Begin XCConfigurationList section */
		DC8FC93E18EB320300FB2C4A /* Build configuration list for PBXProject "HelloObjectiveC" */ = {
			isa = XCConfigurationList;
			buildConfigurations = (
				DC8FC94F18EB320400FB2C4A /* Debug */,
				DC8FC95018EB320400FB2C4A /* Release */,
			);
			defaultConfigurationIsVisible = 0;
			defaultConfigurationName = Release;
		};
		DC8FC95118EB320400FB2C4A /* Build configuration list for PBXNativeTarget "HelloObjectiveC" */ = {
			isa = XCConfigurationList;
			buildConfigurations = (
				DC8FC95218EB320400FB2C4A /* Debug */,
				DC8FC95318EB320400FB2C4A /* Release */,
			);
			defaultConfigurationIsVisible = 0;
		};
/* End XCConfigurationList section */
	};
	rootObject = DC8FC93B18EB320300FB2C4A /* Project object */;
}
